{
  "requires": true,
  "lockfileVersion": 1,
  "dependencies": {
    "expo-font": {
      "version": "7.0.0",
      "resolved": "https://registry.npmjs.org/expo-font/-/expo-font-7.0.0.tgz",
      "integrity": "sha512-OVlUydfexjq1u57Xlymcx5egfFF2WZ5MXkg3GGjHyiSMfp09inZ7OzAu+O/TXjxjlaq9d6vBXiwVxqQoUIlx1Q==",
      "requires": {
        "fontfaceobserver": "2.1.0"
      }
    },
    "fontfaceobserver": {
      "version": "2.1.0",
      "resolved": "https://registry.npmjs.org/fontfaceobserver/-/fontfaceobserver-2.1.0.tgz",
      "integrity": "sha512-ReOsO2F66jUa0jmv2nlM/s1MiutJx/srhAe2+TE8dJCMi02ZZOcCTxTCQFr3Yet+uODUtnr4Mewg+tNQ+4V1Ng=="
    }
  }
}
